{
  "name": "users-admin",
  "version": "1.0.0",
  "lockfileVersion": 1,
  "requires": true,
  "dependencies": {
    "@types/validatorjs": {
      "version": "3.7.1",
      "resolved": "https://registry.npmjs.org/@types/validatorjs/-/validatorjs-3.7.1.tgz",
      "integrity": "sha512-W14PyWEHhRumgtKOngTEMVRs2jRuBfbDSFWaCJ5I9lWNBA+vg2Shyju0SUhK+gzf11VDCSZl5bqek2S8erw5UA==",
      "dev": true
    }
  }
}
